hash: d57e0422cbf20315277f3bc70a32ecf3c23326da4d557ce08da9db606c7658a6
updated: 2017-08-11T14:25:55.194968749-07:00
imports:
- name: github.com/aws/aws-sdk-go
  version: 96358b8282b1a3aa66836d2f2fe66216cc419668
  subpackages:
  - aws
  - aws/awserr
  - aws/awsutil
  - aws/client
  - aws/client/metadata
  - aws/corehandlers
  - aws/credentials
  - aws/credentials/ec2rolecreds
  - aws/credentials/endpointcreds
  - aws/credentials/stscreds
  - aws/defaults
  - aws/ec2metadata
  - aws/endpoints
  - aws/request
  - aws/session
  - aws/signer/v4
  - internal/shareddefaults
  - private/protocol
  - private/protocol/ec2query
  - private/protocol/json/jsonutil
  - private/protocol/jsonrpc
  - private/protocol/query
  - private/protocol/query/queryutil
  - private/protocol/rest
  - private/protocol/restxml
  - private/protocol/xml/xmlutil
  - service/autoscaling
  - service/autoscaling/autoscalingiface
  - service/cloudtrail
  - service/cloudtrail/cloudtrailiface
  - service/ec2
  - service/ec2/ec2iface
  - service/elb
  - service/elb/elbiface
  - service/iam
  - service/iam/iamiface
  - service/resourcegroupstaggingapi
  - service/resourcegroupstaggingapi/resourcegroupstaggingapiiface
  - service/route53
  - service/route53/route53iface
  - service/s3
  - service/s3/s3iface
  - service/sts
- name: github.com/estroz/jqpipe-go
  version: 45ea8aa7bda10952dad138dec86b7060519e77cb
- name: github.com/fsnotify/fsnotify
  version: 4da3e2cfbabc9f751898f250b49f2439785783a1
- name: github.com/go-ini/ini
  version: 3d73f4b845efdf9989fffd4b4e562727744a34ba
- name: github.com/hashicorp/hcl
  version: 392dba7d905ed5d04a5794ba89f558b27e2ba1ca
  subpackages:
  - hcl/ast
  - hcl/parser
  - hcl/scanner
  - hcl/strconv
  - hcl/token
  - json/parser
  - json/scanner
  - json/token
- name: github.com/inconshreveable/mousetrap
  version: 76626ae9c91c4f2a10f34cad8ce83ea42c93bb75
- name: github.com/jmespath/go-jmespath
  version: bd40a432e4c76585ef6b72d3fd96fb9b6dc7b68d
- name: github.com/magiconair/properties
  version: be5ece7dd465ab0765a9682137865547526d1dfb
- name: github.com/mitchellh/mapstructure
  version: d0303fe809921458f417bcf828397a65db30a7e4
- name: github.com/pelletier/go-toml
  version: 69d355db5304c0f7f809a2edc054553e7142f016
- name: github.com/sirupsen/logrus
  version: a3f95b5c423586578a4e099b11a46c2479628cac
- name: github.com/spf13/afero
  version: 9be650865eab0c12963d8753212f4f9c66cdcf12
  subpackages:
  - mem
- name: github.com/spf13/cast
  version: acbeb36b902d72a7a4c18e8f3241075e7ab763e4
- name: github.com/spf13/cobra
  version: 8c6fa02d2225de0f9bdcb7ca912556f68d172d8c
- name: github.com/spf13/jwalterweatherman
  version: 0efa5202c04663c757d84f90f5219c1250baf94f
- name: github.com/spf13/pflag
  version: e57e3eeb33f795204c1ca35f56c44f83227c6e66
- name: github.com/spf13/viper
  version: c1de95864d73a5465492829d7cb2dd422b19ac96
- name: github.com/tidwall/gjson
  version: e30a9c1037e0f9fbde93a6a9848a2dd5c59d3b91
- name: github.com/tidwall/match
  version: 173748da739a410c5b0b813b956f89ff94730b4c
- name: golang.org/x/sys
  version: 833a04a10549a95dc34458c195cbad61bbb6cb4d
  subpackages:
  - unix
- name: golang.org/x/text
  version: f4b4367115ec2de254587813edaa901bc1c723a8
  subpackages:
  - transform
  - unicode/norm
- name: gopkg.in/yaml.v2
  version: a83829b6f1293c91addabc89d0571c246397bbf4
testImports: []
